
Microsoft Visual Studio Solution File, Format Version 12.00
# Visual Studio Version 17
VisualStudioVersion = 17.0.31903.59
MinimumVisualStudioVersion = 10.0.40219.1
Project("{FAE04EC0-301F-11D3-BF4B-00C04F79EFBC}") = "BlazorWeatherApp", "BlazorWeatherApp\BlazorWeatherApp.csproj", "{7F2E34F9-0D45-4142-988F-7D290BDF196C}"
EndProject
Project("{FAE04EC0-301F-11D3-BF4B-00C04F79EFBC}") = "BlazorWeatherApp.Tests", "BlazorWeatherApp.Tests\BlazorWeatherApp.Tests.csproj", "{BA484DF2-7EFA-4FC9-94FB-BF276FED2B86}"
EndProject
Global
	GlobalSection(SolutionConfigurationPlatforms) = preSolution
		Debug|Any CPU = Debug|Any CPU
		Debug|x64 = Debug|x64
		Debug|x86 = Debug|x86
		Release|Any CPU = Release|Any CPU
		Release|x64 = Release|x64
		Release|x86 = Release|x86
	EndGlobalSection
	GlobalSection(ProjectConfigurationPlatforms) = postSolution
		{7F2E34F9-0D45-4142-988F-7D290BDF196C}.Debug|Any CPU.ActiveCfg = Debug|Any CPU
		{7F2E34F9-0D45-4142-988F-7D290BDF196C}.Debug|Any CPU.Build.0 = Debug|Any CPU
		{7F2E34F9-0D45-4142-988F-7D290BDF196C}.Debug|x64.ActiveCfg = Debug|Any CPU
		{7F2E34F9-0D45-4142-988F-7D290BDF196C}.Debug|x64.Build.0 = Debug|Any CPU
		{7F2E34F9-0D45-4142-988F-7D290BDF196C}.Debug|x86.ActiveCfg = Debug|Any CPU
		{7F2E34F9-0D45-4142-988F-7D290BDF196C}.Debug|x86.Build.0 = Debug|Any CPU
		{7F2E34F9-0D45-4142-988F-7D290BDF196C}.Release|Any CPU.ActiveCfg = Release|Any CPU
		{7F2E34F9-0D45-4142-988F-7D290BDF196C}.Release|Any CPU.Build.0 = Release|Any CPU
		{7F2E34F9-0D45-4142-988F-7D290BDF196C}.Release|x64.ActiveCfg = Release|Any CPU
		{7F2E34F9-0D45-4142-988F-7D290BDF196C}.Release|x64.Build.0 = Release|Any CPU
		{7F2E34F9-0D45-4142-988F-7D290BDF196C}.Release|x86.ActiveCfg = Release|Any CPU
		{7F2E34F9-0D45-4142-988F-7D290BDF196C}.Release|x86.Build.0 = Release|Any CPU
		{BA484DF2-7EFA-4FC9-94FB-BF276FED2B86}.Debug|Any CPU.ActiveCfg = Debug|Any CPU
		{BA484DF2-7EFA-4FC9-94FB-BF276FED2B86}.Debug|Any CPU.Build.0 = Debug|Any CPU
		{BA484DF2-7EFA-4FC9-94FB-BF276FED2B86}.Debug|x64.ActiveCfg = Debug|Any CPU
		{BA484DF2-7EFA-4FC9-94FB-BF276FED2B86}.Debug|x64.Build.0 = Debug|Any CPU
		{BA484DF2-7EFA-4FC9-94FB-BF276FED2B86}.Debug|x86.ActiveCfg = Debug|Any CPU
		{BA484DF2-7EFA-4FC9-94FB-BF276FED2B86}.Debug|x86.Build.0 = Debug|Any CPU
		{BA484DF2-7EFA-4FC9-94FB-BF276FED2B86}.Release|Any CPU.ActiveCfg = Release|Any CPU
		{BA484DF2-7EFA-4FC9-94FB-BF276FED2B86}.Release|Any CPU.Build.0 = Release|Any CPU
		{BA484DF2-7EFA-4FC9-94FB-BF276FED2B86}.Release|x64.ActiveCfg = Release|Any CPU
		{BA484DF2-7EFA-4FC9-94FB-BF276FED2B86}.Release|x64.Build.0 = Release|Any CPU
		{BA484DF2-7EFA-4FC9-94FB-BF276FED2B86}.Release|x86.ActiveCfg = Release|Any CPU
		{BA484DF2-7EFA-4FC9-94FB-BF276FED2B86}.Release|x86.Build.0 = Release|Any CPU
	EndGlobalSection
	GlobalSection(SolutionProperties) = preSolution
		HideSolutionNode = FALSE
	EndGlobalSection
EndGlobal
